
Microsoft Visual Studio Solution File, Format Version 12.00
# Visual Studio Express 2012 for Windows Desktop
Project("{FAE04EC0-301F-11D3-BF4B-00C04F79EFBC}") = "Bonsai.Bpod", "Bonsai.Bpod\Bonsai.Bpod.csproj", "{BB7F1662-8BCF-4DFC-9AAA-15155AF4CD8F}"
EndProject
Global
	GlobalSection(SolutionConfigurationPlatforms) = preSolution
		Debug|Any CPU = Debug|Any CPU
		Release|Any CPU = Release|Any CPU
	EndGlobalSection
	GlobalSection(ProjectConfigurationPlatforms) = postSolution
		{BB7F1662-8BCF-4DFC-9AAA-15155AF4CD8F}.Debug|Any CPU.ActiveCfg = Debug|Any CPU
		{BB7F1662-8BCF-4DFC-9AAA-15155AF4CD8F}.Debug|Any CPU.Build.0 = Debug|Any CPU
		{BB7F1662-8BCF-4DFC-9AAA-15155AF4CD8F}.Release|Any CPU.ActiveCfg = Release|Any CPU
		{BB7F1662-8BCF-4DFC-9AAA-15155AF4CD8F}.Release|Any CPU.Build.0 = Release|Any CPU
	EndGlobalSection
	GlobalSection(SolutionProperties) = preSolution
		HideSolutionNode = FALSE
	EndGlobalSection
EndGlobal
